
Microsoft Visual Studio Solution File, Format Version 12.00
# Visual Studio Version 16
VisualStudioVersion = 16.0.31613.86
MinimumVisualStudioVersion = 10.0.40219.1
Project("{FAE04EC0-301F-11D3-BF4B-00C04F79EFBC}") = "MyNote", "MyNote.csproj", "{0A185FE7-CF96-437A-BF08-C14F16D3FA9F}"
EndProject
Global
	GlobalSection(SolutionConfigurationPlatforms) = preSolution
		Debug|Any CPU = Debug|Any CPU
		Release|Any CPU = Release|Any CPU
	EndGlobalSection
	GlobalSection(ProjectConfigurationPlatforms) = postSolution
		{0A185FE7-CF96-437A-BF08-C14F16D3FA9F}.Debug|Any CPU.ActiveCfg = Debug|Any CPU
		{0A185FE7-CF96-437A-BF08-C14F16D3FA9F}.Debug|Any CPU.Build.0 = Debug|Any CPU
		{0A185FE7-CF96-437A-BF08-C14F16D3FA9F}.Release|Any CPU.ActiveCfg = Release|Any CPU
		{0A185FE7-CF96-437A-BF08-C14F16D3FA9F}.Release|Any CPU.Build.0 = Release|Any CPU
	EndGlobalSection
	GlobalSection(SolutionProperties) = preSolution
		HideSolutionNode = FALSE
	EndGlobalSection
	GlobalSection(ExtensibilityGlobals) = postSolution
		SolutionGuid = {FF08613F-0DB0-4A43-9C79-3A8BB42F03EE}
	EndGlobalSection
EndGlobal
